
Microsoft Visual Studio Solution File, Format Version 12.00
# Visual Studio 15
VisualStudioVersion = 15.0.28307.136
MinimumVisualStudioVersion = 10.0.40219.1
Project("{FAE04EC0-301F-11D3-BF4B-00C04F79EFBC}") = "WMP.Web", "WMP\WMP.Web.csproj", "{2D9999A9-BD69-44ED-B161-1F99097B4390}"
EndProject
Project("{2150E333-8FDC-42A3-9474-1A3956D46DE8}") = "Presentation", "Presentation", "{B20C2558-8DDD-4F1A-8242-1A3A4837F7A0}"
EndProject
Project("{2150E333-8FDC-42A3-9474-1A3956D46DE8}") = "Infrastructure", "Infrastructure", "{CB527F96-A9E2-4B77-B67B-386C2E3B6242}"
EndProject
Project("{FAE04EC0-301F-11D3-BF4B-00C04F79EFBC}") = "WMP.Models", "WMP.Models\WMP.Models.csproj", "{C9BCAC41-EB60-4C2E-9C63-2AC7D74DFC8B}"
EndProject
Project("{FAE04EC0-301F-11D3-BF4B-00C04F79EFBC}") = "WMP.ViewModels", "WMP.ViewModels\WMP.ViewModels.csproj", "{AC429FE6-F86D-4147-A60B-206B6307C51C}"
EndProject
Project("{FAE04EC0-301F-11D3-BF4B-00C04F79EFBC}") = "WMP.Data", "WMP.Data\WMP.Data.csproj", "{D063184B-3504-4AC1-8587-044CD213FA09}"
EndProject
Project("{FAE04EC0-301F-11D3-BF4B-00C04F79EFBC}") = "WMP.Domain", "WMP.Domain\WMP.Domain.csproj", "{4792CFA7-0C2F-4530-936D-BDB1B536DFC6}"
EndProject
Project("{2150E333-8FDC-42A3-9474-1A3956D46DE8}") = "Core", "Core", "{652BB8E2-1788-4121-904D-006E7BB8D034}"
EndProject
Project("{FAE04EC0-301F-11D3-BF4B-00C04F79EFBC}") = "WMP.Application", "WMP.Application\WMP.Application.csproj", "{F2E031E5-3D56-4F48-A856-F9C7A5B5E834}"
EndProject
Project("{2150E333-8FDC-42A3-9474-1A3956D46DE8}") = "Common", "Common", "{A3F7CCE2-254F-4D53-827A-FF7A7CB4350C}"
EndProject
Project("{FAE04EC0-301F-11D3-BF4B-00C04F79EFBC}") = "WMP.Common", "WMP.Common\WMP.Common.csproj", "{76D78308-3C17-457B-862C-E8F4F1DD01B0}"
EndProject
Project("{FAE04EC0-301F-11D3-BF4B-00C04F79EFBC}") = "WMP.Api", "WMP.Api\WMP.Api.csproj", "{17094154-9537-4CA2-B8EA-5D36CFCBB1DF}"
EndProject
Global
	GlobalSection(SolutionConfigurationPlatforms) = preSolution
		Debug|Any CPU = Debug|Any CPU
		Release|Any CPU = Release|Any CPU
	EndGlobalSection
	GlobalSection(ProjectConfigurationPlatforms) = postSolution
		{2D9999A9-BD69-44ED-B161-1F99097B4390}.Debug|Any CPU.ActiveCfg = Debug|Any CPU
		{2D9999A9-BD69-44ED-B161-1F99097B4390}.Debug|Any CPU.Build.0 = Debug|Any CPU
		{2D9999A9-BD69-44ED-B161-1F99097B4390}.Release|Any CPU.ActiveCfg = Release|Any CPU
		{2D9999A9-BD69-44ED-B161-1F99097B4390}.Release|Any CPU.Build.0 = Release|Any CPU
		{C9BCAC41-EB60-4C2E-9C63-2AC7D74DFC8B}.Debug|Any CPU.ActiveCfg = Debug|Any CPU
		{C9BCAC41-EB60-4C2E-9C63-2AC7D74DFC8B}.Debug|Any CPU.Build.0 = Debug|Any CPU
		{C9BCAC41-EB60-4C2E-9C63-2AC7D74DFC8B}.Release|Any CPU.ActiveCfg = Release|Any CPU
		{C9BCAC41-EB60-4C2E-9C63-2AC7D74DFC8B}.Release|Any CPU.Build.0 = Release|Any CPU
		{AC429FE6-F86D-4147-A60B-206B6307C51C}.Debug|Any CPU.ActiveCfg = Debug|Any CPU
		{AC429FE6-F86D-4147-A60B-206B6307C51C}.Debug|Any CPU.Build.0 = Debug|Any CPU
		{AC429FE6-F86D-4147-A60B-206B6307C51C}.Release|Any CPU.ActiveCfg = Release|Any CPU
		{AC429FE6-F86D-4147-A60B-206B6307C51C}.Release|Any CPU.Build.0 = Release|Any CPU
		{D063184B-3504-4AC1-8587-044CD213FA09}.Debug|Any CPU.ActiveCfg = Debug|Any CPU
		{D063184B-3504-4AC1-8587-044CD213FA09}.Debug|Any CPU.Build.0 = Debug|Any CPU
		{D063184B-3504-4AC1-8587-044CD213FA09}.Release|Any CPU.ActiveCfg = Release|Any CPU
		{D063184B-3504-4AC1-8587-044CD213FA09}.Release|Any CPU.Build.0 = Release|Any CPU
		{4792CFA7-0C2F-4530-936D-BDB1B536DFC6}.Debug|Any CPU.ActiveCfg = Debug|Any CPU
		{4792CFA7-0C2F-4530-936D-BDB1B536DFC6}.Debug|Any CPU.Build.0 = Debug|Any CPU
		{4792CFA7-0C2F-4530-936D-BDB1B536DFC6}.Release|Any CPU.ActiveCfg = Release|Any CPU
		{4792CFA7-0C2F-4530-936D-BDB1B536DFC6}.Release|Any CPU.Build.0 = Release|Any CPU
		{F2E031E5-3D56-4F48-A856-F9C7A5B5E834}.Debug|Any CPU.ActiveCfg = Debug|Any CPU
		{F2E031E5-3D56-4F48-A856-F9C7A5B5E834}.Debug|Any CPU.Build.0 = Debug|Any CPU
		{F2E031E5-3D56-4F48-A856-F9C7A5B5E834}.Release|Any CPU.ActiveCfg = Release|Any CPU
		{F2E031E5-3D56-4F48-A856-F9C7A5B5E834}.Release|Any CPU.Build.0 = Release|Any CPU
		{76D78308-3C17-457B-862C-E8F4F1DD01B0}.Debug|Any CPU.ActiveCfg = Debug|Any CPU
		{76D78308-3C17-457B-862C-E8F4F1DD01B0}.Debug|Any CPU.Build.0 = Debug|Any CPU
		{76D78308-3C17-457B-862C-E8F4F1DD01B0}.Release|Any CPU.ActiveCfg = Release|Any CPU
		{76D78308-3C17-457B-862C-E8F4F1DD01B0}.Release|Any CPU.Build.0 = Release|Any CPU
		{17094154-9537-4CA2-B8EA-5D36CFCBB1DF}.Debug|Any CPU.ActiveCfg = Debug|Any CPU
		{17094154-9537-4CA2-B8EA-5D36CFCBB1DF}.Debug|Any CPU.Build.0 = Debug|Any CPU
		{17094154-9537-4CA2-B8EA-5D36CFCBB1DF}.Release|Any CPU.ActiveCfg = Release|Any CPU
		{17094154-9537-4CA2-B8EA-5D36CFCBB1DF}.Release|Any CPU.Build.0 = Release|Any CPU
	EndGlobalSection
	GlobalSection(SolutionProperties) = preSolution
		HideSolutionNode = FALSE
	EndGlobalSection
	GlobalSection(NestedProjects) = preSolution
		{2D9999A9-BD69-44ED-B161-1F99097B4390} = {B20C2558-8DDD-4F1A-8242-1A3A4837F7A0}
		{C9BCAC41-EB60-4C2E-9C63-2AC7D74DFC8B} = {CB527F96-A9E2-4B77-B67B-386C2E3B6242}
		{AC429FE6-F86D-4147-A60B-206B6307C51C} = {CB527F96-A9E2-4B77-B67B-386C2E3B6242}
		{D063184B-3504-4AC1-8587-044CD213FA09} = {CB527F96-A9E2-4B77-B67B-386C2E3B6242}
		{4792CFA7-0C2F-4530-936D-BDB1B536DFC6} = {CB527F96-A9E2-4B77-B67B-386C2E3B6242}
		{F2E031E5-3D56-4F48-A856-F9C7A5B5E834} = {652BB8E2-1788-4121-904D-006E7BB8D034}
		{76D78308-3C17-457B-862C-E8F4F1DD01B0} = {A3F7CCE2-254F-4D53-827A-FF7A7CB4350C}
		{17094154-9537-4CA2-B8EA-5D36CFCBB1DF} = {B20C2558-8DDD-4F1A-8242-1A3A4837F7A0}
	EndGlobalSection
	GlobalSection(ExtensibilityGlobals) = postSolution
		SolutionGuid = {334D4867-365F-476A-93A2-36DADF0CB4C8}
	EndGlobalSection
EndGlobal
